
Microsoft Visual Studio Solution File, Format Version 12.00
# Visual Studio 15
VisualStudioVersion = 15.0.28307.757
MinimumVisualStudioVersion = 10.0.40219.1
Project("{FAE04EC0-301F-11D3-BF4B-00C04F79EFBC}") = "ToyRobotSimulator", "ToyRobotSimulator\ToyRobotSimulator.csproj", "{9B410765-9B8A-4B9D-93A6-43CAF702DAC1}"
EndProject
Project("{FAE04EC0-301F-11D3-BF4B-00C04F79EFBC}") = "ToyRobotSimulator.Core", "ToyRobotSimulator.Core\ToyRobotSimulator.Core.csproj", "{7C4CA17A-8414-44AF-BA94-9E20CF7E6B67}"
EndProject
Project("{FAE04EC0-301F-11D3-BF4B-00C04F79EFBC}") = "ToyRobotSimulator.Test", "ToyRobotSimulator.Test\ToyRobotSimulator.Test.csproj", "{D85F4C59-2F79-4860-AC43-AD913E44B210}"
EndProject
Global
	GlobalSection(SolutionConfigurationPlatforms) = preSolution
		Debug|Any CPU = Debug|Any CPU
		Release|Any CPU = Release|Any CPU
	EndGlobalSection
	GlobalSection(ProjectConfigurationPlatforms) = postSolution
		{9B410765-9B8A-4B9D-93A6-43CAF702DAC1}.Debug|Any CPU.ActiveCfg = Debug|Any CPU
		{9B410765-9B8A-4B9D-93A6-43CAF702DAC1}.Debug|Any CPU.Build.0 = Debug|Any CPU
		{9B410765-9B8A-4B9D-93A6-43CAF702DAC1}.Release|Any CPU.ActiveCfg = Release|Any CPU
		{9B410765-9B8A-4B9D-93A6-43CAF702DAC1}.Release|Any CPU.Build.0 = Release|Any CPU
		{7C4CA17A-8414-44AF-BA94-9E20CF7E6B67}.Debug|Any CPU.ActiveCfg = Debug|Any CPU
		{7C4CA17A-8414-44AF-BA94-9E20CF7E6B67}.Debug|Any CPU.Build.0 = Debug|Any CPU
		{7C4CA17A-8414-44AF-BA94-9E20CF7E6B67}.Release|Any CPU.ActiveCfg = Release|Any CPU
		{7C4CA17A-8414-44AF-BA94-9E20CF7E6B67}.Release|Any CPU.Build.0 = Release|Any CPU
		{D85F4C59-2F79-4860-AC43-AD913E44B210}.Debug|Any CPU.ActiveCfg = Debug|Any CPU
		{D85F4C59-2F79-4860-AC43-AD913E44B210}.Debug|Any CPU.Build.0 = Debug|Any CPU
		{D85F4C59-2F79-4860-AC43-AD913E44B210}.Release|Any CPU.ActiveCfg = Release|Any CPU
		{D85F4C59-2F79-4860-AC43-AD913E44B210}.Release|Any CPU.Build.0 = Release|Any CPU
	EndGlobalSection
	GlobalSection(SolutionProperties) = preSolution
		HideSolutionNode = FALSE
	EndGlobalSection
	GlobalSection(ExtensibilityGlobals) = postSolution
		SolutionGuid = {63147B6E-389D-401E-90AD-9463F18D81D1}
	EndGlobalSection
EndGlobal
